{
    "_meta": {
        "hash": {
            "sha256": "71d976c4bdb7a899c643496794b99bd705e2ff3e276a2f9ae088e32014a3a5c6"
        },
        "pipfile-spec": 6,
        "requires": {
            "python_version": "3.8"
        },
        "sources": [
            {
                "name": "pypi",
                "url": "https://pypi.org/simple",
                "verify_ssl": true
            }
        ]
    },
    "default": {
        "marshmallow": {
            "hashes": [
                "sha256:5d2371bbe42000f2b3fb5eaa065224df7d8f8597bc19a1bbfa5bfe7fba8da889",
                "sha256:684939db93e80ad3561392f47be0230743131560a41c5110684c16e21ade0a5c"
            ],
            "index": "pypi",
            "markers": "python_version >= '3.8'",
            "version": "==3.20.1"
        },
        "packaging": {
            "hashes": [
                "sha256:048fb0e9405036518eaaf48a55953c750c11e1a1b68e0dd1a9d62ed0c092cfc5",
                "sha256:8c491190033a9af7e1d931d0b5dacc2ef47509b34dd0de67ed209b5203fc88c7"
            ],
            "markers": "python_version >= '3.7'",
            "version": "==23.2"
        },
        "plumbum": {
            "hashes": [
                "sha256:3ad9e5f56c6ec98f6f7988f7ea8b52159662ea9e915868d369dbccbfca0e367e",
                "sha256:9e6dc032f4af952665f32f3206567bc23b7858b1413611afe603a3f8ad9bfd75"
            ],
            "markers": "python_version >= '3.6'",
            "version": "==1.8.2"
        },
        "rpyc": {
            "hashes": [
                "sha256:6e8153792ac221a80f420d2e0b241a10c6e43b105d325998b18a4e7af329f9ec",
                "sha256:f2233174879faf18ae266437d5a65511ce46c817cec4edc1344f036758cfbf52"
            ],
            "index": "pypi",
            "markers": "python_version >= '3.7'",
            "version": "==5.3.1"
        }
    },
    "develop": {}
}
